
Microsoft Visual Studio Solution File, Format Version 12.00
# Visual Studio Version 16
VisualStudioVersion = 16.0.30907.101
MinimumVisualStudioVersion = 10.0.40219.1
Project("{FAE04EC0-301F-11D3-BF4B-00C04F79EFBC}") = "PE", "PE.csproj", "{688092B5-78E0-4C6B-AF85-8ACADC8A5FED}"
EndProject
Project("{54435603-DBB4-11D2-8724-00A0C9A8B90C}") = "PESAT", "..\PESAT\PESAT.vdproj", "{5AE620B0-CDDB-4D65-AE15-F06C2FF36E08}"
EndProject
Global
	GlobalSection(SolutionConfigurationPlatforms) = preSolution
		Debug|Any CPU = Debug|Any CPU
		Release|Any CPU = Release|Any CPU
	EndGlobalSection
	GlobalSection(ProjectConfigurationPlatforms) = postSolution
		{688092B5-78E0-4C6B-AF85-8ACADC8A5FED}.Debug|Any CPU.ActiveCfg = Debug|Any CPU
		{688092B5-78E0-4C6B-AF85-8ACADC8A5FED}.Debug|Any CPU.Build.0 = Debug|Any CPU
		{688092B5-78E0-4C6B-AF85-8ACADC8A5FED}.Release|Any CPU.ActiveCfg = Release|Any CPU
		{688092B5-78E0-4C6B-AF85-8ACADC8A5FED}.Release|Any CPU.Build.0 = Release|Any CPU
		{5AE620B0-CDDB-4D65-AE15-F06C2FF36E08}.Debug|Any CPU.ActiveCfg = Debug
		{5AE620B0-CDDB-4D65-AE15-F06C2FF36E08}.Release|Any CPU.ActiveCfg = Release
	EndGlobalSection
	GlobalSection(SolutionProperties) = preSolution
		HideSolutionNode = FALSE
	EndGlobalSection
	GlobalSection(ExtensibilityGlobals) = postSolution
		SolutionGuid = {AB553274-40B2-41F5-95A9-395025619E9C}
	EndGlobalSection
EndGlobal
